
Microsoft Visual Studio Solution File, Format Version 12.00
# Visual Studio Version 17
VisualStudioVersion = 17.2.32630.192
MinimumVisualStudioVersion = 10.0.40219.1
Project("{FAE04EC0-301F-11D3-BF4B-00C04F79EFBC}") = "BL", "BL\BL.csproj", "{9BAEC003-9C33-409D-B930-D09485F385F1}"
EndProject
Project("{FAE04EC0-301F-11D3-BF4B-00C04F79EFBC}") = "DL", "DL\DL.csproj", "{DCE69ED4-3B72-4BAE-9B40-216C71457AA7}"
EndProject
Project("{FAE04EC0-301F-11D3-BF4B-00C04F79EFBC}") = "ML", "ML\ML.csproj", "{44A1C11F-44AC-41C4-9B57-2CDED4B34A0F}"
EndProject
Project("{FAE04EC0-301F-11D3-BF4B-00C04F79EFBC}") = "PL", "PL\PL.csproj", "{A00D9543-96B3-474C-9A5C-7755D9521A7B}"
EndProject
Project("{FAE04EC0-301F-11D3-BF4B-00C04F79EFBC}") = "MVC", "MVC\MVC.csproj", "{C6834A71-CB9F-4DDC-AAC0-6A11310266A8}"
EndProject
Global
	GlobalSection(SolutionConfigurationPlatforms) = preSolution
		Debug|Any CPU = Debug|Any CPU
		Release|Any CPU = Release|Any CPU
	EndGlobalSection
	GlobalSection(ProjectConfigurationPlatforms) = postSolution
		{9BAEC003-9C33-409D-B930-D09485F385F1}.Debug|Any CPU.ActiveCfg = Debug|Any CPU
		{9BAEC003-9C33-409D-B930-D09485F385F1}.Debug|Any CPU.Build.0 = Debug|Any CPU
		{9BAEC003-9C33-409D-B930-D09485F385F1}.Release|Any CPU.ActiveCfg = Release|Any CPU
		{9BAEC003-9C33-409D-B930-D09485F385F1}.Release|Any CPU.Build.0 = Release|Any CPU
		{DCE69ED4-3B72-4BAE-9B40-216C71457AA7}.Debug|Any CPU.ActiveCfg = Debug|Any CPU
		{DCE69ED4-3B72-4BAE-9B40-216C71457AA7}.Debug|Any CPU.Build.0 = Debug|Any CPU
		{DCE69ED4-3B72-4BAE-9B40-216C71457AA7}.Release|Any CPU.ActiveCfg = Release|Any CPU
		{DCE69ED4-3B72-4BAE-9B40-216C71457AA7}.Release|Any CPU.Build.0 = Release|Any CPU
		{44A1C11F-44AC-41C4-9B57-2CDED4B34A0F}.Debug|Any CPU.ActiveCfg = Debug|Any CPU
		{44A1C11F-44AC-41C4-9B57-2CDED4B34A0F}.Debug|Any CPU.Build.0 = Debug|Any CPU
		{44A1C11F-44AC-41C4-9B57-2CDED4B34A0F}.Release|Any CPU.ActiveCfg = Release|Any CPU
		{44A1C11F-44AC-41C4-9B57-2CDED4B34A0F}.Release|Any CPU.Build.0 = Release|Any CPU
		{A00D9543-96B3-474C-9A5C-7755D9521A7B}.Debug|Any CPU.ActiveCfg = Debug|Any CPU
		{A00D9543-96B3-474C-9A5C-7755D9521A7B}.Debug|Any CPU.Build.0 = Debug|Any CPU
		{A00D9543-96B3-474C-9A5C-7755D9521A7B}.Release|Any CPU.ActiveCfg = Release|Any CPU
		{A00D9543-96B3-474C-9A5C-7755D9521A7B}.Release|Any CPU.Build.0 = Release|Any CPU
		{C6834A71-CB9F-4DDC-AAC0-6A11310266A8}.Debug|Any CPU.ActiveCfg = Debug|Any CPU
		{C6834A71-CB9F-4DDC-AAC0-6A11310266A8}.Debug|Any CPU.Build.0 = Debug|Any CPU
		{C6834A71-CB9F-4DDC-AAC0-6A11310266A8}.Release|Any CPU.ActiveCfg = Release|Any CPU
		{C6834A71-CB9F-4DDC-AAC0-6A11310266A8}.Release|Any CPU.Build.0 = Release|Any CPU
	EndGlobalSection
	GlobalSection(SolutionProperties) = preSolution
		HideSolutionNode = FALSE
	EndGlobalSection
	GlobalSection(ExtensibilityGlobals) = postSolution
		SolutionGuid = {9E13F8E4-C16A-4A8C-A50D-D75B5DADF6C1}
	EndGlobalSection
EndGlobal
